
Microsoft Visual Studio Solution File, Format Version 12.00
# Visual Studio Version 17
VisualStudioVersion = 17.11.35208.52
MinimumVisualStudioVersion = 10.0.40219.1
Project("{FAE04EC0-301F-11D3-BF4B-00C04F79EFBC}") = "WebApi8-TesteAdmissao", "WebApi8-TesteAdmissao\WebApi8-TesteAdmissao.csproj", "{6DD5E590-E580-459E-8030-2208843812F9}"
EndProject
Global
	GlobalSection(SolutionConfigurationPlatforms) = preSolution
		Debug|Any CPU = Debug|Any CPU
		Release|Any CPU = Release|Any CPU
	EndGlobalSection
	GlobalSection(ProjectConfigurationPlatforms) = postSolution
		{6DD5E590-E580-459E-8030-2208843812F9}.Debug|Any CPU.ActiveCfg = Debug|Any CPU
		{6DD5E590-E580-459E-8030-2208843812F9}.Debug|Any CPU.Build.0 = Debug|Any CPU
		{6DD5E590-E580-459E-8030-2208843812F9}.Release|Any CPU.ActiveCfg = Release|Any CPU
		{6DD5E590-E580-459E-8030-2208843812F9}.Release|Any CPU.Build.0 = Release|Any CPU
	EndGlobalSection
	GlobalSection(SolutionProperties) = preSolution
		HideSolutionNode = FALSE
	EndGlobalSection
	GlobalSection(ExtensibilityGlobals) = postSolution
		SolutionGuid = {95B5B890-DF9A-4E0B-8558-9CD56A2A8B42}
	EndGlobalSection
EndGlobal
